
Microsoft Visual Studio Solution File, Format Version 12.00
# Visual Studio Version 17
VisualStudioVersion = 17.10.35013.160
MinimumVisualStudioVersion = 10.0.40219.1
Project("{B7DD6F7E-DEF8-4E67-B5B7-07EF123DB6F0}") = "SecopSolutions", "SecopSolutions\SecopSolutions.wixproj", "{90194D1B-1018-4C50-B75B-801D97B3919D}"
	ProjectSection(ProjectDependencies) = postProject
		{0F6BBBA5-51BF-481C-B593-23C604349886} = {0F6BBBA5-51BF-481C-B593-23C604349886}
		{19D67728-6421-4E64-978B-3AB870BB71E6} = {19D67728-6421-4E64-978B-3AB870BB71E6}
		{4122772B-65E2-4E8C-8F25-76E476946BC2} = {4122772B-65E2-4E8C-8F25-76E476946BC2}
		{4C0055B8-4514-4CBA-9E9D-35CBC1F3B661} = {4C0055B8-4514-4CBA-9E9D-35CBC1F3B661}
		{55B03F76-F928-4D94-B3A9-C2E680ADDAD9} = {55B03F76-F928-4D94-B3A9-C2E680ADDAD9}
		{7B21DACD-00A0-4527-A6F8-212B1086E252} = {7B21DACD-00A0-4527-A6F8-212B1086E252}
	EndProjectSection
EndProject
Project("{9A19103F-16F7-4668-BE54-9A1E7A4F7556}") = "VerifyURL", "VerifyURL\VerifyURL.csproj", "{19D67728-6421-4E64-978B-3AB870BB71E6}"
EndProject
Project("{9A19103F-16F7-4668-BE54-9A1E7A4F7556}") = "VerifyLicenseKey", "VerifyLicenseKey\VerifyLicenseKey.csproj", "{0F6BBBA5-51BF-481C-B593-23C604349886}"
EndProject
Project("{9A19103F-16F7-4668-BE54-9A1E7A4F7556}") = "CreateConfigFile", "CreateConfigFile\CreateConfigFile.csproj", "{55B03F76-F928-4D94-B3A9-C2E680ADDAD9}"
EndProject
Project("{9A19103F-16F7-4668-BE54-9A1E7A4F7556}") = "ActionUninstall", "ActionUninstall\ActionUninstall.csproj", "{4122772B-65E2-4E8C-8F25-76E476946BC2}"
EndProject
Project("{9A19103F-16F7-4668-BE54-9A1E7A4F7556}") = "RegisterAgent", "RegisterAgent\RegisterAgent.csproj", "{4C0055B8-4514-4CBA-9E9D-35CBC1F3B661}"
EndProject
Project("{9A19103F-16F7-4668-BE54-9A1E7A4F7556}") = "CreateLogFile", "CreateLogFile\CreateLogFile.csproj", "{7B21DACD-00A0-4527-A6F8-212B1086E252}"
EndProject
Global
	GlobalSection(SolutionConfigurationPlatforms) = preSolution
		Debug|Any CPU = Debug|Any CPU
		Debug|ARM64 = Debug|ARM64
		Debug|x64 = Debug|x64
		Debug|x86 = Debug|x86
		Release|Any CPU = Release|Any CPU
		Release|ARM64 = Release|ARM64
		Release|x64 = Release|x64
		Release|x86 = Release|x86
	EndGlobalSection
	GlobalSection(ProjectConfigurationPlatforms) = postSolution
		{90194D1B-1018-4C50-B75B-801D97B3919D}.Debug|Any CPU.ActiveCfg = Debug|x64
		{90194D1B-1018-4C50-B75B-801D97B3919D}.Debug|Any CPU.Build.0 = Debug|x64
		{90194D1B-1018-4C50-B75B-801D97B3919D}.Debug|ARM64.ActiveCfg = Debug|ARM64
		{90194D1B-1018-4C50-B75B-801D97B3919D}.Debug|ARM64.Build.0 = Debug|ARM64
		{90194D1B-1018-4C50-B75B-801D97B3919D}.Debug|x64.ActiveCfg = Debug|x64
		{90194D1B-1018-4C50-B75B-801D97B3919D}.Debug|x64.Build.0 = Debug|x64
		{90194D1B-1018-4C50-B75B-801D97B3919D}.Debug|x86.ActiveCfg = Debug|x86
		{90194D1B-1018-4C50-B75B-801D97B3919D}.Debug|x86.Build.0 = Debug|x86
		{90194D1B-1018-4C50-B75B-801D97B3919D}.Release|Any CPU.ActiveCfg = Release|x64
		{90194D1B-1018-4C50-B75B-801D97B3919D}.Release|Any CPU.Build.0 = Release|x64
		{90194D1B-1018-4C50-B75B-801D97B3919D}.Release|ARM64.ActiveCfg = Release|ARM64
		{90194D1B-1018-4C50-B75B-801D97B3919D}.Release|ARM64.Build.0 = Release|ARM64
		{90194D1B-1018-4C50-B75B-801D97B3919D}.Release|x64.ActiveCfg = Release|x64
		{90194D1B-1018-4C50-B75B-801D97B3919D}.Release|x64.Build.0 = Release|x64
		{90194D1B-1018-4C50-B75B-801D97B3919D}.Release|x86.ActiveCfg = Release|x86
		{90194D1B-1018-4C50-B75B-801D97B3919D}.Release|x86.Build.0 = Release|x86
		{19D67728-6421-4E64-978B-3AB870BB71E6}.Debug|Any CPU.ActiveCfg = Debug|Any CPU
		{19D67728-6421-4E64-978B-3AB870BB71E6}.Debug|Any CPU.Build.0 = Debug|Any CPU
		{19D67728-6421-4E64-978B-3AB870BB71E6}.Debug|ARM64.ActiveCfg = Debug|Any CPU
		{19D67728-6421-4E64-978B-3AB870BB71E6}.Debug|ARM64.Build.0 = Debug|Any CPU
		{19D67728-6421-4E64-978B-3AB870BB71E6}.Debug|x64.ActiveCfg = Debug|Any CPU
		{19D67728-6421-4E64-978B-3AB870BB71E6}.Debug|x64.Build.0 = Debug|Any CPU
		{19D67728-6421-4E64-978B-3AB870BB71E6}.Debug|x86.ActiveCfg = Debug|Any CPU
		{19D67728-6421-4E64-978B-3AB870BB71E6}.Debug|x86.Build.0 = Debug|Any CPU
		{19D67728-6421-4E64-978B-3AB870BB71E6}.Release|Any CPU.ActiveCfg = Release|Any CPU
		{19D67728-6421-4E64-978B-3AB870BB71E6}.Release|Any CPU.Build.0 = Release|Any CPU
		{19D67728-6421-4E64-978B-3AB870BB71E6}.Release|ARM64.ActiveCfg = Release|Any CPU
		{19D67728-6421-4E64-978B-3AB870BB71E6}.Release|ARM64.Build.0 = Release|Any CPU
		{19D67728-6421-4E64-978B-3AB870BB71E6}.Release|x64.ActiveCfg = Release|Any CPU
		{19D67728-6421-4E64-978B-3AB870BB71E6}.Release|x64.Build.0 = Release|Any CPU
		{19D67728-6421-4E64-978B-3AB870BB71E6}.Release|x86.ActiveCfg = Release|Any CPU
		{19D67728-6421-4E64-978B-3AB870BB71E6}.Release|x86.Build.0 = Release|Any CPU
		{0F6BBBA5-51BF-481C-B593-23C604349886}.Debug|Any CPU.ActiveCfg = Debug|Any CPU
		{0F6BBBA5-51BF-481C-B593-23C604349886}.Debug|Any CPU.Build.0 = Debug|Any CPU
		{0F6BBBA5-51BF-481C-B593-23C604349886}.Debug|ARM64.ActiveCfg = Debug|Any CPU
		{0F6BBBA5-51BF-481C-B593-23C604349886}.Debug|ARM64.Build.0 = Debug|Any CPU
		{0F6BBBA5-51BF-481C-B593-23C604349886}.Debug|x64.ActiveCfg = Debug|Any CPU
		{0F6BBBA5-51BF-481C-B593-23C604349886}.Debug|x64.Build.0 = Debug|Any CPU
		{0F6BBBA5-51BF-481C-B593-23C604349886}.Debug|x86.ActiveCfg = Debug|Any CPU
		{0F6BBBA5-51BF-481C-B593-23C604349886}.Debug|x86.Build.0 = Debug|Any CPU
		{0F6BBBA5-51BF-481C-B593-23C604349886}.Release|Any CPU.ActiveCfg = Release|Any CPU
		{0F6BBBA5-51BF-481C-B593-23C604349886}.Release|Any CPU.Build.0 = Release|Any CPU
		{0F6BBBA5-51BF-481C-B593-23C604349886}.Release|ARM64.ActiveCfg = Release|Any CPU
		{0F6BBBA5-51BF-481C-B593-23C604349886}.Release|ARM64.Build.0 = Release|Any CPU
		{0F6BBBA5-51BF-481C-B593-23C604349886}.Release|x64.ActiveCfg = Release|Any CPU
		{0F6BBBA5-51BF-481C-B593-23C604349886}.Release|x64.Build.0 = Release|Any CPU
		{0F6BBBA5-51BF-481C-B593-23C604349886}.Release|x86.ActiveCfg = Release|Any CPU
		{0F6BBBA5-51BF-481C-B593-23C604349886}.Release|x86.Build.0 = Release|Any CPU
		{55B03F76-F928-4D94-B3A9-C2E680ADDAD9}.Debug|Any CPU.ActiveCfg = Debug|Any CPU
		{55B03F76-F928-4D94-B3A9-C2E680ADDAD9}.Debug|Any CPU.Build.0 = Debug|Any CPU
		{55B03F76-F928-4D94-B3A9-C2E680ADDAD9}.Debug|ARM64.ActiveCfg = Debug|Any CPU
		{55B03F76-F928-4D94-B3A9-C2E680ADDAD9}.Debug|ARM64.Build.0 = Debug|Any CPU
		{55B03F76-F928-4D94-B3A9-C2E680ADDAD9}.Debug|x64.ActiveCfg = Debug|Any CPU
		{55B03F76-F928-4D94-B3A9-C2E680ADDAD9}.Debug|x64.Build.0 = Debug|Any CPU
		{55B03F76-F928-4D94-B3A9-C2E680ADDAD9}.Debug|x86.ActiveCfg = Debug|Any CPU
		{55B03F76-F928-4D94-B3A9-C2E680ADDAD9}.Debug|x86.Build.0 = Debug|Any CPU
		{55B03F76-F928-4D94-B3A9-C2E680ADDAD9}.Release|Any CPU.ActiveCfg = Release|Any CPU
		{55B03F76-F928-4D94-B3A9-C2E680ADDAD9}.Release|Any CPU.Build.0 = Release|Any CPU
		{55B03F76-F928-4D94-B3A9-C2E680ADDAD9}.Release|ARM64.ActiveCfg = Release|Any CPU
		{55B03F76-F928-4D94-B3A9-C2E680ADDAD9}.Release|ARM64.Build.0 = Release|Any CPU
		{55B03F76-F928-4D94-B3A9-C2E680ADDAD9}.Release|x64.ActiveCfg = Release|Any CPU
		{55B03F76-F928-4D94-B3A9-C2E680ADDAD9}.Release|x64.Build.0 = Release|Any CPU
		{55B03F76-F928-4D94-B3A9-C2E680ADDAD9}.Release|x86.ActiveCfg = Release|Any CPU
		{55B03F76-F928-4D94-B3A9-C2E680ADDAD9}.Release|x86.Build.0 = Release|Any CPU
		{4122772B-65E2-4E8C-8F25-76E476946BC2}.Debug|Any CPU.ActiveCfg = Debug|Any CPU
		{4122772B-65E2-4E8C-8F25-76E476946BC2}.Debug|Any CPU.Build.0 = Debug|Any CPU
		{4122772B-65E2-4E8C-8F25-76E476946BC2}.Debug|ARM64.ActiveCfg = Debug|Any CPU
		{4122772B-65E2-4E8C-8F25-76E476946BC2}.Debug|ARM64.Build.0 = Debug|Any CPU
		{4122772B-65E2-4E8C-8F25-76E476946BC2}.Debug|x64.ActiveCfg = Debug|Any CPU
		{4122772B-65E2-4E8C-8F25-76E476946BC2}.Debug|x64.Build.0 = Debug|Any CPU
		{4122772B-65E2-4E8C-8F25-76E476946BC2}.Debug|x86.ActiveCfg = Debug|Any CPU
		{4122772B-65E2-4E8C-8F25-76E476946BC2}.Debug|x86.Build.0 = Debug|Any CPU
		{4122772B-65E2-4E8C-8F25-76E476946BC2}.Release|Any CPU.ActiveCfg = Release|Any CPU
		{4122772B-65E2-4E8C-8F25-76E476946BC2}.Release|Any CPU.Build.0 = Release|Any CPU
		{4122772B-65E2-4E8C-8F25-76E476946BC2}.Release|ARM64.ActiveCfg = Release|Any CPU
		{4122772B-65E2-4E8C-8F25-76E476946BC2}.Release|ARM64.Build.0 = Release|Any CPU
		{4122772B-65E2-4E8C-8F25-76E476946BC2}.Release|x64.ActiveCfg = Release|Any CPU
		{4122772B-65E2-4E8C-8F25-76E476946BC2}.Release|x64.Build.0 = Release|Any CPU
		{4122772B-65E2-4E8C-8F25-76E476946BC2}.Release|x86.ActiveCfg = Release|Any CPU
		{4122772B-65E2-4E8C-8F25-76E476946BC2}.Release|x86.Build.0 = Release|Any CPU
		{4C0055B8-4514-4CBA-9E9D-35CBC1F3B661}.Debug|Any CPU.ActiveCfg = Debug|Any CPU
		{4C0055B8-4514-4CBA-9E9D-35CBC1F3B661}.Debug|Any CPU.Build.0 = Debug|Any CPU
		{4C0055B8-4514-4CBA-9E9D-35CBC1F3B661}.Debug|ARM64.ActiveCfg = Debug|Any CPU
		{4C0055B8-4514-4CBA-9E9D-35CBC1F3B661}.Debug|ARM64.Build.0 = Debug|Any CPU
		{4C0055B8-4514-4CBA-9E9D-35CBC1F3B661}.Debug|x64.ActiveCfg = Debug|Any CPU
		{4C0055B8-4514-4CBA-9E9D-35CBC1F3B661}.Debug|x64.Build.0 = Debug|Any CPU
		{4C0055B8-4514-4CBA-9E9D-35CBC1F3B661}.Debug|x86.ActiveCfg = Debug|Any CPU
		{4C0055B8-4514-4CBA-9E9D-35CBC1F3B661}.Debug|x86.Build.0 = Debug|Any CPU
		{4C0055B8-4514-4CBA-9E9D-35CBC1F3B661}.Release|Any CPU.ActiveCfg = Release|Any CPU
		{4C0055B8-4514-4CBA-9E9D-35CBC1F3B661}.Release|Any CPU.Build.0 = Release|Any CPU
		{4C0055B8-4514-4CBA-9E9D-35CBC1F3B661}.Release|ARM64.ActiveCfg = Release|Any CPU
		{4C0055B8-4514-4CBA-9E9D-35CBC1F3B661}.Release|ARM64.Build.0 = Release|Any CPU
		{4C0055B8-4514-4CBA-9E9D-35CBC1F3B661}.Release|x64.ActiveCfg = Release|Any CPU
		{4C0055B8-4514-4CBA-9E9D-35CBC1F3B661}.Release|x64.Build.0 = Release|Any CPU
		{4C0055B8-4514-4CBA-9E9D-35CBC1F3B661}.Release|x86.ActiveCfg = Release|Any CPU
		{4C0055B8-4514-4CBA-9E9D-35CBC1F3B661}.Release|x86.Build.0 = Release|Any CPU
		{7B21DACD-00A0-4527-A6F8-212B1086E252}.Debug|Any CPU.ActiveCfg = Debug|Any CPU
		{7B21DACD-00A0-4527-A6F8-212B1086E252}.Debug|Any CPU.Build.0 = Debug|Any CPU
		{7B21DACD-00A0-4527-A6F8-212B1086E252}.Debug|ARM64.ActiveCfg = Debug|Any CPU
		{7B21DACD-00A0-4527-A6F8-212B1086E252}.Debug|ARM64.Build.0 = Debug|Any CPU
		{7B21DACD-00A0-4527-A6F8-212B1086E252}.Debug|x64.ActiveCfg = Debug|Any CPU
		{7B21DACD-00A0-4527-A6F8-212B1086E252}.Debug|x64.Build.0 = Debug|Any CPU
		{7B21DACD-00A0-4527-A6F8-212B1086E252}.Debug|x86.ActiveCfg = Debug|Any CPU
		{7B21DACD-00A0-4527-A6F8-212B1086E252}.Debug|x86.Build.0 = Debug|Any CPU
		{7B21DACD-00A0-4527-A6F8-212B1086E252}.Release|Any CPU.ActiveCfg = Release|Any CPU
		{7B21DACD-00A0-4527-A6F8-212B1086E252}.Release|Any CPU.Build.0 = Release|Any CPU
		{7B21DACD-00A0-4527-A6F8-212B1086E252}.Release|ARM64.ActiveCfg = Release|Any CPU
		{7B21DACD-00A0-4527-A6F8-212B1086E252}.Release|ARM64.Build.0 = Release|Any CPU
		{7B21DACD-00A0-4527-A6F8-212B1086E252}.Release|x64.ActiveCfg = Release|Any CPU
		{7B21DACD-00A0-4527-A6F8-212B1086E252}.Release|x64.Build.0 = Release|Any CPU
		{7B21DACD-00A0-4527-A6F8-212B1086E252}.Release|x86.ActiveCfg = Release|Any CPU
		{7B21DACD-00A0-4527-A6F8-212B1086E252}.Release|x86.Build.0 = Release|Any CPU
	EndGlobalSection
	GlobalSection(SolutionProperties) = preSolution
		HideSolutionNode = FALSE
	EndGlobalSection
	GlobalSection(ExtensibilityGlobals) = postSolution
		SolutionGuid = {8FA4E2CC-9B05-401A-90C9-F32AEEB48DB2}
	EndGlobalSection
EndGlobal
